
Microsoft Visual Studio Solution File, Format Version 12.00
# Visual Studio Version 16
VisualStudioVersion = 16.0.29806.167
MinimumVisualStudioVersion = 15.0.26124.0
Project("{2150E333-8FDC-42A3-9474-1A3956D46DE8}") = "src", "src", "{219E4D49-956D-4912-ADC0-6F6A151DEA38}"
EndProject
Project("{9A19103F-16F7-4668-BE54-9A1E7A4F7556}") = "WebAPI", "src\WebAPI\WebAPI.csproj", "{2AB7D2D4-AC07-4076-9C32-5BC10A6530E8}"
EndProject
Project("{9A19103F-16F7-4668-BE54-9A1E7A4F7556}") = "Domain", "src\Domain\Domain.csproj", "{BBBF3F64-52C7-429D-8606-1249EFFDE8C2}"
EndProject
Project("{9A19103F-16F7-4668-BE54-9A1E7A4F7556}") = "Application", "src\Application\Application.csproj", "{432AEADB-66D0-4557-B631-63FDE9CE5BCA}"
EndProject
Project("{FAE04EC0-301F-11D3-BF4B-00C04F79EFBC}") = "Infrastructure.Data", "src\Infrastructure.Data\Infrastructure.Data.csproj", "{5B84D021-72D3-4D42-AA97-22DFC6062632}"
EndProject
Project("{FAE04EC0-301F-11D3-BF4B-00C04F79EFBC}") = "CrossCutting.Data", "src\CrossCutting.Data\CrossCutting.Data.csproj", "{2ED87DB1-7C68-48BA-B4A5-EB73AF98CD68}"
EndProject
Project("{FAE04EC0-301F-11D3-BF4B-00C04F79EFBC}") = "Domain.Entities", "src\domain.entities\Domain.Entities.csproj", "{32ACA4C8-C05D-4BA9-AE63-4D4DC8431CB5}"
EndProject
Global
	GlobalSection(SolutionConfigurationPlatforms) = preSolution
		Debug|Any CPU = Debug|Any CPU
		Debug|x64 = Debug|x64
		Debug|x86 = Debug|x86
		Release|Any CPU = Release|Any CPU
		Release|x64 = Release|x64
		Release|x86 = Release|x86
	EndGlobalSection
	GlobalSection(ProjectConfigurationPlatforms) = postSolution
		{2AB7D2D4-AC07-4076-9C32-5BC10A6530E8}.Debug|Any CPU.ActiveCfg = Debug|Any CPU
		{2AB7D2D4-AC07-4076-9C32-5BC10A6530E8}.Debug|Any CPU.Build.0 = Debug|Any CPU
		{2AB7D2D4-AC07-4076-9C32-5BC10A6530E8}.Debug|x64.ActiveCfg = Debug|Any CPU
		{2AB7D2D4-AC07-4076-9C32-5BC10A6530E8}.Debug|x64.Build.0 = Debug|Any CPU
		{2AB7D2D4-AC07-4076-9C32-5BC10A6530E8}.Debug|x86.ActiveCfg = Debug|Any CPU
		{2AB7D2D4-AC07-4076-9C32-5BC10A6530E8}.Debug|x86.Build.0 = Debug|Any CPU
		{2AB7D2D4-AC07-4076-9C32-5BC10A6530E8}.Release|Any CPU.ActiveCfg = Release|Any CPU
		{2AB7D2D4-AC07-4076-9C32-5BC10A6530E8}.Release|Any CPU.Build.0 = Release|Any CPU
		{2AB7D2D4-AC07-4076-9C32-5BC10A6530E8}.Release|x64.ActiveCfg = Release|Any CPU
		{2AB7D2D4-AC07-4076-9C32-5BC10A6530E8}.Release|x64.Build.0 = Release|Any CPU
		{2AB7D2D4-AC07-4076-9C32-5BC10A6530E8}.Release|x86.ActiveCfg = Release|Any CPU
		{2AB7D2D4-AC07-4076-9C32-5BC10A6530E8}.Release|x86.Build.0 = Release|Any CPU
		{BBBF3F64-52C7-429D-8606-1249EFFDE8C2}.Debug|Any CPU.ActiveCfg = Debug|Any CPU
		{BBBF3F64-52C7-429D-8606-1249EFFDE8C2}.Debug|Any CPU.Build.0 = Debug|Any CPU
		{BBBF3F64-52C7-429D-8606-1249EFFDE8C2}.Debug|x64.ActiveCfg = Debug|Any CPU
		{BBBF3F64-52C7-429D-8606-1249EFFDE8C2}.Debug|x64.Build.0 = Debug|Any CPU
		{BBBF3F64-52C7-429D-8606-1249EFFDE8C2}.Debug|x86.ActiveCfg = Debug|Any CPU
		{BBBF3F64-52C7-429D-8606-1249EFFDE8C2}.Debug|x86.Build.0 = Debug|Any CPU
		{BBBF3F64-52C7-429D-8606-1249EFFDE8C2}.Release|Any CPU.ActiveCfg = Release|Any CPU
		{BBBF3F64-52C7-429D-8606-1249EFFDE8C2}.Release|Any CPU.Build.0 = Release|Any CPU
		{BBBF3F64-52C7-429D-8606-1249EFFDE8C2}.Release|x64.ActiveCfg = Release|Any CPU
		{BBBF3F64-52C7-429D-8606-1249EFFDE8C2}.Release|x64.Build.0 = Release|Any CPU
		{BBBF3F64-52C7-429D-8606-1249EFFDE8C2}.Release|x86.ActiveCfg = Release|Any CPU
		{BBBF3F64-52C7-429D-8606-1249EFFDE8C2}.Release|x86.Build.0 = Release|Any CPU
		{432AEADB-66D0-4557-B631-63FDE9CE5BCA}.Debug|Any CPU.ActiveCfg = Debug|Any CPU
		{432AEADB-66D0-4557-B631-63FDE9CE5BCA}.Debug|Any CPU.Build.0 = Debug|Any CPU
		{432AEADB-66D0-4557-B631-63FDE9CE5BCA}.Debug|x64.ActiveCfg = Debug|Any CPU
		{432AEADB-66D0-4557-B631-63FDE9CE5BCA}.Debug|x64.Build.0 = Debug|Any CPU
		{432AEADB-66D0-4557-B631-63FDE9CE5BCA}.Debug|x86.ActiveCfg = Debug|Any CPU
		{432AEADB-66D0-4557-B631-63FDE9CE5BCA}.Debug|x86.Build.0 = Debug|Any CPU
		{432AEADB-66D0-4557-B631-63FDE9CE5BCA}.Release|Any CPU.ActiveCfg = Release|Any CPU
		{432AEADB-66D0-4557-B631-63FDE9CE5BCA}.Release|Any CPU.Build.0 = Release|Any CPU
		{432AEADB-66D0-4557-B631-63FDE9CE5BCA}.Release|x64.ActiveCfg = Release|Any CPU
		{432AEADB-66D0-4557-B631-63FDE9CE5BCA}.Release|x64.Build.0 = Release|Any CPU
		{432AEADB-66D0-4557-B631-63FDE9CE5BCA}.Release|x86.ActiveCfg = Release|Any CPU
		{432AEADB-66D0-4557-B631-63FDE9CE5BCA}.Release|x86.Build.0 = Release|Any CPU
		{5B84D021-72D3-4D42-AA97-22DFC6062632}.Debug|Any CPU.ActiveCfg = Debug|Any CPU
		{5B84D021-72D3-4D42-AA97-22DFC6062632}.Debug|Any CPU.Build.0 = Debug|Any CPU
		{5B84D021-72D3-4D42-AA97-22DFC6062632}.Debug|x64.ActiveCfg = Debug|Any CPU
		{5B84D021-72D3-4D42-AA97-22DFC6062632}.Debug|x64.Build.0 = Debug|Any CPU
		{5B84D021-72D3-4D42-AA97-22DFC6062632}.Debug|x86.ActiveCfg = Debug|Any CPU
		{5B84D021-72D3-4D42-AA97-22DFC6062632}.Debug|x86.Build.0 = Debug|Any CPU
		{5B84D021-72D3-4D42-AA97-22DFC6062632}.Release|Any CPU.ActiveCfg = Release|Any CPU
		{5B84D021-72D3-4D42-AA97-22DFC6062632}.Release|Any CPU.Build.0 = Release|Any CPU
		{5B84D021-72D3-4D42-AA97-22DFC6062632}.Release|x64.ActiveCfg = Release|Any CPU
		{5B84D021-72D3-4D42-AA97-22DFC6062632}.Release|x64.Build.0 = Release|Any CPU
		{5B84D021-72D3-4D42-AA97-22DFC6062632}.Release|x86.ActiveCfg = Release|Any CPU
		{5B84D021-72D3-4D42-AA97-22DFC6062632}.Release|x86.Build.0 = Release|Any CPU
		{2ED87DB1-7C68-48BA-B4A5-EB73AF98CD68}.Debug|Any CPU.ActiveCfg = Debug|Any CPU
		{2ED87DB1-7C68-48BA-B4A5-EB73AF98CD68}.Debug|Any CPU.Build.0 = Debug|Any CPU
		{2ED87DB1-7C68-48BA-B4A5-EB73AF98CD68}.Debug|x64.ActiveCfg = Debug|Any CPU
		{2ED87DB1-7C68-48BA-B4A5-EB73AF98CD68}.Debug|x64.Build.0 = Debug|Any CPU
		{2ED87DB1-7C68-48BA-B4A5-EB73AF98CD68}.Debug|x86.ActiveCfg = Debug|Any CPU
		{2ED87DB1-7C68-48BA-B4A5-EB73AF98CD68}.Debug|x86.Build.0 = Debug|Any CPU
		{2ED87DB1-7C68-48BA-B4A5-EB73AF98CD68}.Release|Any CPU.ActiveCfg = Release|Any CPU
		{2ED87DB1-7C68-48BA-B4A5-EB73AF98CD68}.Release|Any CPU.Build.0 = Release|Any CPU
		{2ED87DB1-7C68-48BA-B4A5-EB73AF98CD68}.Release|x64.ActiveCfg = Release|Any CPU
		{2ED87DB1-7C68-48BA-B4A5-EB73AF98CD68}.Release|x64.Build.0 = Release|Any CPU
		{2ED87DB1-7C68-48BA-B4A5-EB73AF98CD68}.Release|x86.ActiveCfg = Release|Any CPU
		{2ED87DB1-7C68-48BA-B4A5-EB73AF98CD68}.Release|x86.Build.0 = Release|Any CPU
		{32ACA4C8-C05D-4BA9-AE63-4D4DC8431CB5}.Debug|Any CPU.ActiveCfg = Debug|Any CPU
		{32ACA4C8-C05D-4BA9-AE63-4D4DC8431CB5}.Debug|Any CPU.Build.0 = Debug|Any CPU
		{32ACA4C8-C05D-4BA9-AE63-4D4DC8431CB5}.Debug|x64.ActiveCfg = Debug|Any CPU
		{32ACA4C8-C05D-4BA9-AE63-4D4DC8431CB5}.Debug|x64.Build.0 = Debug|Any CPU
		{32ACA4C8-C05D-4BA9-AE63-4D4DC8431CB5}.Debug|x86.ActiveCfg = Debug|Any CPU
		{32ACA4C8-C05D-4BA9-AE63-4D4DC8431CB5}.Debug|x86.Build.0 = Debug|Any CPU
		{32ACA4C8-C05D-4BA9-AE63-4D4DC8431CB5}.Release|Any CPU.ActiveCfg = Release|Any CPU
		{32ACA4C8-C05D-4BA9-AE63-4D4DC8431CB5}.Release|Any CPU.Build.0 = Release|Any CPU
		{32ACA4C8-C05D-4BA9-AE63-4D4DC8431CB5}.Release|x64.ActiveCfg = Release|Any CPU
		{32ACA4C8-C05D-4BA9-AE63-4D4DC8431CB5}.Release|x64.Build.0 = Release|Any CPU
		{32ACA4C8-C05D-4BA9-AE63-4D4DC8431CB5}.Release|x86.ActiveCfg = Release|Any CPU
		{32ACA4C8-C05D-4BA9-AE63-4D4DC8431CB5}.Release|x86.Build.0 = Release|Any CPU
	EndGlobalSection
	GlobalSection(SolutionProperties) = preSolution
		HideSolutionNode = FALSE
	EndGlobalSection
	GlobalSection(NestedProjects) = preSolution
		{2AB7D2D4-AC07-4076-9C32-5BC10A6530E8} = {219E4D49-956D-4912-ADC0-6F6A151DEA38}
		{BBBF3F64-52C7-429D-8606-1249EFFDE8C2} = {219E4D49-956D-4912-ADC0-6F6A151DEA38}
		{432AEADB-66D0-4557-B631-63FDE9CE5BCA} = {219E4D49-956D-4912-ADC0-6F6A151DEA38}
		{5B84D021-72D3-4D42-AA97-22DFC6062632} = {219E4D49-956D-4912-ADC0-6F6A151DEA38}
		{2ED87DB1-7C68-48BA-B4A5-EB73AF98CD68} = {219E4D49-956D-4912-ADC0-6F6A151DEA38}
		{32ACA4C8-C05D-4BA9-AE63-4D4DC8431CB5} = {219E4D49-956D-4912-ADC0-6F6A151DEA38}
	EndGlobalSection
	GlobalSection(ExtensibilityGlobals) = postSolution
		SolutionGuid = {5808A38E-13F0-4AC9-9123-D79E913C6531}
	EndGlobalSection
EndGlobal
